
Microsoft Visual Studio Solution File, Format Version 12.00
# Visual Studio Version 16
VisualStudioVersion = 16.0.29519.87
MinimumVisualStudioVersion = 10.0.40219.1
Project("{FAE04EC0-301F-11D3-BF4B-00C04F79EFBC}") = "movies", "movies\movies.csproj", "{4F1BC240-AD2C-4CB5-87AA-4818B9D7C456}"
EndProject
Global
	GlobalSection(SolutionConfigurationPlatforms) = preSolution
		Debug|Any CPU = Debug|Any CPU
		Release|Any CPU = Release|Any CPU
	EndGlobalSection
	GlobalSection(ProjectConfigurationPlatforms) = postSolution
		{4F1BC240-AD2C-4CB5-87AA-4818B9D7C456}.Debug|Any CPU.ActiveCfg = Debug|Any CPU
		{4F1BC240-AD2C-4CB5-87AA-4818B9D7C456}.Debug|Any CPU.Build.0 = Debug|Any CPU
		{4F1BC240-AD2C-4CB5-87AA-4818B9D7C456}.Release|Any CPU.ActiveCfg = Release|Any CPU
		{4F1BC240-AD2C-4CB5-87AA-4818B9D7C456}.Release|Any CPU.Build.0 = Release|Any CPU
	EndGlobalSection
	GlobalSection(SolutionProperties) = preSolution
		HideSolutionNode = FALSE
	EndGlobalSection
	GlobalSection(ExtensibilityGlobals) = postSolution
		SolutionGuid = {757C2852-9F30-406D-9898-0A7B82707D75}
	EndGlobalSection
EndGlobal
